// !$*UTF8*$!
{
	archiveVersion = 1;
	classes = {
	};
	objectVersion = 46;
	objects = {

/* Begin PBXBuildFile section */
		2747A5F51EE52C3E0050AC66 /* AppDelegate.swift in Sources */ = {isa = PBXBuildFile; fileRef = 2747A5F41EE52C3E0050AC66 /* AppDelegate.swift */; };
		2747A5F71EE52C3E0050AC66 /* LoginViewController.swift in Sources */ = {isa = PBXBuildFile; fileRef = 2747A5F61EE52C3E0050AC66 /* LoginViewController.swift */; };
		2747A5FA1EE52C3E0050AC66 /* Main.storyboard in Resources */ = {isa = PBXBuildFile; fileRef = 2747A5F81EE52C3E0050AC66 /* Main.storyboard */; };
		2747A5FD1EE52C3E0050AC66 /* OnTheMap.xcdatamodeld in Sources */ = {isa = PBXBuildFile; fileRef = 2747A5FB1EE52C3E0050AC66 /* OnTheMap.xcdatamodeld */; };
		2747A5FF1EE52C3E0050AC66 /* Assets.xcassets in Resources */ = {isa = PBXBuildFile; fileRef = 2747A5FE1EE52C3E0050AC66 /* Assets.xcassets */; };
		2747A6021EE52C3E0050AC66 /* LaunchScreen.storyboard in Resources */ = {isa = PBXBuildFile; fileRef = 2747A6001EE52C3E0050AC66 /* LaunchScreen.storyboard */; };
		2747A60A1EE52D440050AC66 /* TableViewController.swift in Sources */ = {isa = PBXBuildFile; fileRef = 2747A6091EE52D440050AC66 /* TableViewController.swift */; };
		2747A60C1EE52D570050AC66 /* MapViewController.swift in Sources */ = {isa = PBXBuildFile; fileRef = 2747A60B1EE52D570050AC66 /* MapViewController.swift */; };
		2747A60E1EE52D6D0050AC66 /* DetailViewContoller.swift in Sources */ = {isa = PBXBuildFile; fileRef = 2747A60D1EE52D6D0050AC66 /* DetailViewContoller.swift */; };
		2775AF201EE8070A00DEF518 /* serchMapViewController.swift in Sources */ = {isa = PBXBuildFile; fileRef = 2775AF1F1EE8070A00DEF518 /* serchMapViewController.swift */; };
		2775AF221EE8100900DEF518 /* UserData.swift in Sources */ = {isa = PBXBuildFile; fileRef = 2775AF211EE8100900DEF518 /* UserData.swift */; };
		277E38651EE538D2009E53CD /* GCDBlackBox.swift in Sources */ = {isa = PBXBuildFile; fileRef = 277E38641EE538D2009E53CD /* GCDBlackBox.swift */; };
		277E38691EE589F5009E53CD /* pinList.swift in Sources */ = {isa = PBXBuildFile; fileRef = 277E38681EE589F5009E53CD /* pinList.swift */; };
		277E386B1EE58D65009E53CD /* GettingStudentLocation.swift in Sources */ = {isa = PBXBuildFile; fileRef = 277E386A1EE58D65009E53CD /* GettingStudentLocation.swift */; };
		277E386D1EE58F5F009E53CD /* ConvertToDictionary.swift in Sources */ = {isa = PBXBuildFile; fileRef = 277E386C1EE58F5F009E53CD /* ConvertToDictionary.swift */; };
		27DC25541EEEC4F1006555C5 /* UdacitySession.swift in Sources */ = {isa = PBXBuildFile; fileRef = 27DC25531EEEC4F1006555C5 /* UdacitySession.swift */; };
/* End PBXBuildFile section */

/* Begin PBXFileReference section */
		2747A5F11EE52C3E0050AC66 /* OnTheMap.app */ = {isa = PBXFileReference; explicitFileType = wrapper.application; includeInIndex = 0; path = OnTheMap.app; sourceTree = BUILT_PRODUCTS_DIR; };
		2747A5F41EE52C3E0050AC66 /* AppDelegate.swift */ = {isa = PBXFileReference; lastKnownFileType = sourcecode.swift; path = AppDelegate.swift; sourceTree = "<group>"; };
		2747A5F61EE52C3E0050AC66 /* LoginViewController.swift */ = {isa = PBXFileReference; lastKnownFileType = sourcecode.swift; path = LoginViewController.swift; sourceTree = "<group>"; };
		2747A5F91EE52C3E0050AC66 /* Base */ = {isa = PBXFileReference; lastKnownFileType = file.storyboard; name = Base; path = Base.lproj/Main.storyboard; sourceTree = "<group>"; };
		2747A5FC1EE52C3E0050AC66 /* OnTheMap.xcdatamodel */ = {isa = PBXFileReference; lastKnownFileType = wrapper.xcdatamodel; path = OnTheMap.xcdatamodel; sourceTree = "<group>"; };
		2747A5FE1EE52C3E0050AC66 /* Assets.xcassets */ = {isa = PBXFileReference; lastKnownFileType = folder.assetcatalog; path = Assets.xcassets; sourceTree = "<group>"; };
		2747A6011EE52C3E0050AC66 /* Base */ = {isa = PBXFileReference; lastKnownFileType = file.storyboard; name = Base; path = Base.lproj/LaunchScreen.storyboard; sourceTree = "<group>"; };
		2747A6031EE52C3E0050AC66 /* Info.plist */ = {isa = PBXFileReference; lastKnownFileType = text.plist.xml; path = Info.plist; sourceTree = "<group>"; };
		2747A6091EE52D440050AC66 /* TableViewController.swift */ = {isa = PBXFileReference; fileEncoding = 4; lastKnownFileType = sourcecode.swift; path = TableViewController.swift; sourceTree = "<group>"; };
		2747A60B1EE52D570050AC66 /* MapViewController.swift */ = {isa = PBXFileReference; fileEncoding = 4; lastKnownFileType = sourcecode.swift; path = MapViewController.swift; sourceTree = "<group>"; };
		2747A60D1EE52D6D0050AC66 /* DetailViewContoller.swift */ = {isa = PBXFileReference; fileEncoding = 4; lastKnownFileType = sourcecode.swift; path = DetailViewContoller.swift; sourceTree = "<group>"; };
		2775AF1F1EE8070A00DEF518 /* serchMapViewController.swift */ = {isa = PBXFileReference; fileEncoding = 4; lastKnownFileType = sourcecode.swift; path = serchMapViewController.swift; sourceTree = "<group>"; };
		2775AF211EE8100900DEF518 /* UserData.swift */ = {isa = PBXFileReference; fileEncoding = 4; lastKnownFileType = sourcecode.swift; path = UserData.swift; sourceTree = "<group>"; };
		277E38641EE538D2009E53CD /* GCDBlackBox.swift */ = {isa = PBXFileReference; fileEncoding = 4; lastKnownFileType = sourcecode.swift; path = GCDBlackBox.swift; sourceTree = "<group>"; };
		277E38681EE589F5009E53CD /* pinList.swift */ = {isa = PBXFileReference; fileEncoding = 4; lastKnownFileType = sourcecode.swift; path = pinList.swift; sourceTree = "<group>"; };
		277E386A1EE58D65009E53CD /* GettingStudentLocation.swift */ = {isa = PBXFileReference; fileEncoding = 4; lastKnownFileType = sourcecode.swift; path = GettingStudentLocation.swift; sourceTree = "<group>"; };
		277E386C1EE58F5F009E53CD /* ConvertToDictionary.swift */ = {isa = PBXFileReference; fileEncoding = 4; lastKnownFileType = sourcecode.swift; path = ConvertToDictionary.swift; sourceTree = "<group>"; };
		27DC25531EEEC4F1006555C5 /* UdacitySession.swift */ = {isa = PBXFileReference; fileEncoding = 4; lastKnownFileType = sourcecode.swift; path = UdacitySession.swift; sourceTree = "<group>"; };
/* End PBXFileReference section */

/* Begin PBXFrameworksBuildPhase section */
		2747A5EE1EE52C3E0050AC66 /* Frameworks */ = {
			isa = PBXFrameworksBuildPhase;
			buildActionMask = 2147483647;
			files = (
			);
			runOnlyForDeploymentPostprocessing = 0;
		};
/* End PBXFrameworksBuildPhase section */

/* Begin PBXGroup section */
		2747A5E81EE52C3D0050AC66 = {
			isa = PBXGroup;
			children = (
				2747A5F31EE52C3E0050AC66 /* OnTheMap */,
				2747A5F21EE52C3E0050AC66 /* Products */,
			);
			sourceTree = "<group>";
		};
		2747A5F21EE52C3E0050AC66 /* Products */ = {
			isa = PBXGroup;
			children = (
				2747A5F11EE52C3E0050AC66 /* OnTheMap.app */,
			);
			name = Products;
			sourceTree = "<group>";
		};
		2747A5F31EE52C3E0050AC66 /* OnTheMap */ = {
			isa = PBXGroup;
			children = (
				2775AF231EE8214D00DEF518 /* Model */,
				2747A6101EE52D8B0050AC66 /* View */,
				2747A60F1EE52D750050AC66 /* ViewController */,
				2747A5FE1EE52C3E0050AC66 /* Assets.xcassets */,
				2747A6001EE52C3E0050AC66 /* LaunchScreen.storyboard */,
				2747A6031EE52C3E0050AC66 /* Info.plist */,
				2747A5FB1EE52C3E0050AC66 /* OnTheMap.xcdatamodeld */,
			);
			path = OnTheMap;
			sourceTree = "<group>";
		};
		2747A60F1EE52D750050AC66 /* ViewController */ = {
			isa = PBXGroup;
			children = (
				2747A5F61EE52C3E0050AC66 /* LoginViewController.swift */,
				2747A60B1EE52D570050AC66 /* MapViewController.swift */,
				2747A6091EE52D440050AC66 /* TableViewController.swift */,
				2747A60D1EE52D6D0050AC66 /* DetailViewContoller.swift */,
				2775AF1F1EE8070A00DEF518 /* serchMapViewController.swift */,
			);
			name = ViewController;
			sourceTree = "<group>";
		};
		2747A6101EE52D8B0050AC66 /* View */ = {
			isa = PBXGroup;
			children = (
				2747A5F81EE52C3E0050AC66 /* Main.storyboard */,
			);
			name = View;
			sourceTree = "<group>";
		};
		2775AF231EE8214D00DEF518 /* Model */ = {
			isa = PBXGroup;
			children = (
				2747A5F41EE52C3E0050AC66 /* AppDelegate.swift */,
				2775AF211EE8100900DEF518 /* UserData.swift */,
				277E38681EE589F5009E53CD /* pinList.swift */,
				277E38641EE538D2009E53CD /* GCDBlackBox.swift */,
				277E386A1EE58D65009E53CD /* GettingStudentLocation.swift */,
				277E386C1EE58F5F009E53CD /* ConvertToDictionary.swift */,
				27DC25531EEEC4F1006555C5 /* UdacitySession.swift */,
			);
			name = Model;
			sourceTree = "<group>";
		};
/* End PBXGroup section */

/* Begin PBXNativeTarget section */
		2747A5F01EE52C3E0050AC66 /* OnTheMap */ = {
			isa = PBXNativeTarget;
			buildConfigurationList = 2747A6061EE52C3E0050AC66 /* Build configuration list for PBXNativeTarget "OnTheMap" */;
			buildPhases = (
				2747A5ED1EE52C3E0050AC66 /* Sources */,
				2747A5EE1EE52C3E0050AC66 /* Frameworks */,
				2747A5EF1EE52C3E0050AC66 /* Resources */,
			);
			buildRules = (
			);
			dependencies = (
			);
			name = OnTheMap;
			productName = OnTheMap;
			productReference = 2747A5F11EE52C3E0050AC66 /* OnTheMap.app */;
			productType = "com.apple.product-type.application";
		};
/* End PBXNativeTarget section */

/* Begin PBXProject section */
		2747A5E91EE52C3E0050AC66 /* Project object */ = {
			isa = PBXProject;
			attributes = {
				LastSwiftUpdateCheck = 0830;
				LastUpgradeCheck = 0830;
				ORGANIZATIONNAME = "Yohan Yi";
				TargetAttributes = {
					2747A5F01EE52C3E0050AC66 = {
						CreatedOnToolsVersion = 8.3.2;
						DevelopmentTeam = 3FX78D9U2N;
						ProvisioningStyle = Automatic;
					};
				};
			};
			buildConfigurationList = 2747A5EC1EE52C3E0050AC66 /* Build configuration list for PBXProject "OnTheMap" */;
			compatibilityVersion = "Xcode 3.2";
			developmentRegion = English;
			hasScannedForEncodings = 0;
			knownRegions = (
				en,
				Base,
			);
			mainGroup = 2747A5E81EE52C3D0050AC66;
			productRefGroup = 2747A5F21EE52C3E0050AC66 /* Products */;
			projectDirPath = "";
			projectRoot = "";
			targets = (
				2747A5F01EE52C3E0050AC66 /* OnTheMap */,
			);
		};
/* End PBXProject section */

/* Begin PBXResourcesBuildPhase section */
		2747A5EF1EE52C3E0050AC66 /* Resources */ = {
			isa = PBXResourcesBuildPhase;
			buildActionMask = 2147483647;
			files = (
				2747A6021EE52C3E0050AC66 /* LaunchScreen.storyboard in Resources */,
				2747A5FF1EE52C3E0050AC66 /* Assets.xcassets in Resources */,
				2747A5FA1EE52C3E0050AC66 /* Main.storyboard in Resources */,
			);
			runOnlyForDeploymentPostprocessing = 0;
		};
/* End PBXResourcesBuildPhase section */

/* Begin PBXSourcesBuildPhase section */
		2747A5ED1EE52C3E0050AC66 /* Sources */ = {
			isa = PBXSourcesBuildPhase;
			buildActionMask = 2147483647;
			files = (
				2747A5FD1EE52C3E0050AC66 /* OnTheMap.xcdatamodeld in Sources */,
				2747A5F71EE52C3E0050AC66 /* LoginViewController.swift in Sources */,
				277E386D1EE58F5F009E53CD /* ConvertToDictionary.swift in Sources */,
				2747A5F51EE52C3E0050AC66 /* AppDelegate.swift in Sources */,
				277E38691EE589F5009E53CD /* pinList.swift in Sources */,
				2747A60C1EE52D570050AC66 /* MapViewController.swift in Sources */,
				2775AF221EE8100900DEF518 /* UserData.swift in Sources */,
				2747A60E1EE52D6D0050AC66 /* DetailViewContoller.swift in Sources */,
				2747A60A1EE52D440050AC66 /* TableViewController.swift in Sources */,
				27DC25541EEEC4F1006555C5 /* UdacitySession.swift in Sources */,
				277E386B1EE58D65009E53CD /* GettingStudentLocation.swift in Sources */,
				277E38651EE538D2009E53CD /* GCDBlackBox.swift in Sources */,
				2775AF201EE8070A00DEF518 /* serchMapViewController.swift in Sources */,
			);
			runOnlyForDeploymentPostprocessing = 0;
		};
/* End PBXSourcesBuildPhase section */

/* Begin PBXVariantGroup section */
		2747A5F81EE52C3E0050AC66 /* Main.storyboard */ = {
			isa = PBXVariantGroup;
			children = (
				2747A5F91EE52C3E0050AC66 /* Base */,
			);
			name = Main.storyboard;
			sourceTree = "<group>";
		};
		2747A6001EE52C3E0050AC66 /* LaunchScreen.storyboard */ = {
			isa = PBXVariantGroup;
			children = (
				2747A6011EE52C3E0050AC66 /* Base */,
			);
			name = LaunchScreen.storyboard;
			sourceTree = "<group>";
		};
/* End PBXVariantGroup section */

/* Begin XCBuildConfiguration section */
		2747A6041EE52C3E0050AC66 /* Debug */ = {
			isa = XCBuildConfiguration;
			buildSettings = {
				ALWAYS_SEARCH_USER_PATHS = NO;
				CLANG_ANALYZER_NONNULL = YES;
				CLANG_ANALYZER_NUMBER_OBJECT_CONVERSION = YES_AGGRESSIVE;
				CLANG_CXX_LANGUAGE_STANDARD = "gnu++0x";
				CLANG_CXX_LIBRARY = "libc++";
				CLANG_ENABLE_MODULES = YES;
				CLANG_ENABLE_OBJC_ARC = YES;
				CLANG_WARN_BOOL_CONVERSION = YES;
				CLANG_WARN_CONSTANT_CONVERSION = YES;
				CLANG_WARN_DIRECT_OBJC_ISA_USAGE = YES_ERROR;
				CLANG_WARN_DOCUMENTATION_COMMENTS = YES;
				CLANG_WARN_EMPTY_BODY = YES;
				CLANG_WARN_ENUM_CONVERSION = YES;
				CLANG_WARN_INFINITE_RECURSION = YES;
				CLANG_WARN_INT_CONVERSION = YES;
				CLANG_WARN_OBJC_ROOT_CLASS = YES_ERROR;
				CLANG_WARN_SUSPICIOUS_MOVE = YES;
				CLANG_WARN_UNREACHABLE_CODE = YES;
				CLANG_WARN__DUPLICATE_METHOD_MATCH = YES;
				"CODE_SIGN_IDENTITY[sdk=iphoneos*]" = "iPhone Developer";
				COPY_PHASE_STRIP = NO;
				DEBUG_INFORMATION_FORMAT = dwarf;
				ENABLE_STRICT_OBJC_MSGSEND = YES;
				ENABLE_TESTABILITY = YES;
				GCC_C_LANGUAGE_STANDARD = gnu99;
				GCC_DYNAMIC_NO_PIC = NO;
				GCC_NO_COMMON_BLOCKS = YES;
				GCC_OPTIMIZATION_LEVEL = 0;
				GCC_PREPROCESSOR_DEFINITIONS = (
					"DEBUG=1",
					"$(inherited)",
				);
				GCC_WARN_64_TO_32_BIT_CONVERSION = YES;
				GCC_WARN_ABOUT_RETURN_TYPE = YES_ERROR;
				GCC_WARN_UNDECLARED_SELECTOR = YES;
				GCC_WARN_UNINITIALIZED_AUTOS = YES_AGGRESSIVE;
				GCC_WARN_UNUSED_FUNCTION = YES;
				GCC_WARN_UNUSED_VARIABLE = YES;
				IPHONEOS_DEPLOYMENT_TARGET = 10.3;
				MTL_ENABLE_DEBUG_INFO = YES;
				ONLY_ACTIVE_ARCH = YES;
				SDKROOT = iphoneos;
				SWIFT_ACTIVE_COMPILATION_CONDITIONS = DEBUG;
				SWIFT_OPTIMIZATION_LEVEL = "-Onone";
				TARGETED_DEVICE_FAMILY = "1,2";
			};
			name = Debug;
		};
		2747A6051EE52C3E0050AC66 /* Release */ = {
			isa = XCBuildConfiguration;
			buildSettings = {
				ALWAYS_SEARCH_USER_PATHS = NO;
				CLANG_ANALYZER_NONNULL = YES;
				CLANG_ANALYZER_NUMBER_OBJECT_CONVERSION = YES_AGGRESSIVE;
				CLANG_CXX_LANGUAGE_STANDARD = "gnu++0x";
				CLANG_CXX_LIBRARY = "libc++";
				CLANG_ENABLE_MODULES = YES;
				CLANG_ENABLE_OBJC_ARC = YES;
				CLANG_WARN_BOOL_CONVERSION = YES;
				CLANG_WARN_CONSTANT_CONVERSION = YES;
				CLANG_WARN_DIRECT_OBJC_ISA_USAGE = YES_ERROR;
				CLANG_WARN_DOCUMENTATION_COMMENTS = YES;
				CLANG_WARN_EMPTY_BODY = YES;
				CLANG_WARN_ENUM_CONVERSION = YES;
				CLANG_WARN_INFINITE_RECURSION = YES;
				CLANG_WARN_INT_CONVERSION = YES;
				CLANG_WARN_OBJC_ROOT_CLASS = YES_ERROR;
				CLANG_WARN_SUSPICIOUS_MOVE = YES;
				CLANG_WARN_UNREACHABLE_CODE = YES;
				CLANG_WARN__DUPLICATE_METHOD_MATCH = YES;
				"CODE_SIGN_IDENTITY[sdk=iphoneos*]" = "iPhone Developer";
				COPY_PHASE_STRIP = NO;
				DEBUG_INFORMATION_FORMAT = "dwarf-with-dsym";
				ENABLE_NS_ASSERTIONS = NO;
				ENABLE_STRICT_OBJC_MSGSEND = YES;
				GCC_C_LANGUAGE_STANDARD = gnu99;
				GCC_NO_COMMON_BLOCKS = YES;
				GCC_WARN_64_TO_32_BIT_CONVERSION = YES;
				GCC_WARN_ABOUT_RETURN_TYPE = YES_ERROR;
				GCC_WARN_UNDECLARED_SELECTOR = YES;
				GCC_WARN_UNINITIALIZED_AUTOS = YES_AGGRESSIVE;
				GCC_WARN_UNUSED_FUNCTION = YES;
				GCC_WARN_UNUSED_VARIABLE = YES;
				IPHONEOS_DEPLOYMENT_TARGET = 10.3;
				MTL_ENABLE_DEBUG_INFO = NO;
				SDKROOT = iphoneos;
				SWIFT_OPTIMIZATION_LEVEL = "-Owholemodule";
				TARGETED_DEVICE_FAMILY = "1,2";
				VALIDATE_PRODUCT = YES;
			};
			name = Release;
		};
		2747A6071EE52C3E0050AC66 /* Debug */ = {
			isa = XCBuildConfiguration;
			buildSettings = {
				ASSETCATALOG_COMPILER_APPICON_NAME = AppIcon;
				DEVELOPMENT_TEAM = 3FX78D9U2N;
				INFOPLIST_FILE = OnTheMap/Info.plist;
				LD_RUNPATH_SEARCH_PATHS = "$(inherited) @executable_path/Frameworks";
				PRODUCT_BUNDLE_IDENTIFIER = YohanYi.OnTheMap;
				PRODUCT_NAME = "$(TARGET_NAME)";
				SWIFT_VERSION = 3.0;
			};
			name = Debug;
		};
		2747A6081EE52C3E0050AC66 /* Release */ = {
			isa = XCBuildConfiguration;
			buildSettings = {
				ASSETCATALOG_COMPILER_APPICON_NAME = AppIcon;
				DEVELOPMENT_TEAM = 3FX78D9U2N;
				INFOPLIST_FILE = OnTheMap/Info.plist;
				LD_RUNPATH_SEARCH_PATHS = "$(inherited) @executable_path/Frameworks";
				PRODUCT_BUNDLE_IDENTIFIER = YohanYi.OnTheMap;
				PRODUCT_NAME = "$(TARGET_NAME)";
				SWIFT_VERSION = 3.0;
			};
			name = Release;
		};
/* End XCBuildConfiguration section */

/* Begin XCConfigurationList section */
		2747A5EC1EE52C3E0050AC66 /* Build configuration list for PBXProject "OnTheMap" */ = {
			isa = XCConfigurationList;
			buildConfigurations = (
				2747A6041EE52C3E0050AC66 /* Debug */,
				2747A6051EE52C3E0050AC66 /* Release */,
			);
			defaultConfigurationIsVisible = 0;
			defaultConfigurationName = Release;
		};
		2747A6061EE52C3E0050AC66 /* Build configuration list for PBXNativeTarget "OnTheMap" */ = {
			isa = XCConfigurationList;
			buildConfigurations = (
				2747A6071EE52C3E0050AC66 /* Debug */,
				2747A6081EE52C3E0050AC66 /* Release */,
			);
			defaultConfigurationIsVisible = 0;
			defaultConfigurationName = Release;
		};
/* End XCConfigurationList section */

/* Begin XCVersionGroup section */
		2747A5FB1EE52C3E0050AC66 /* OnTheMap.xcdatamodeld */ = {
			isa = XCVersionGroup;
			children = (
				2747A5FC1EE52C3E0050AC66 /* OnTheMap.xcdatamodel */,
			);
			currentVersion = 2747A5FC1EE52C3E0050AC66 /* OnTheMap.xcdatamodel */;
			path = OnTheMap.xcdatamodeld;
			sourceTree = "<group>";
			versionGroupType = wrapper.xcdatamodel;
		};
/* End XCVersionGroup section */
	};
	rootObject = 2747A5E91EE52C3E0050AC66 /* Project object */;
}
